
Microsoft Visual Studio Solution File, Format Version 12.00
# Visual Studio Version 16
VisualStudioVersion = 16.0.29613.14
MinimumVisualStudioVersion = 10.0.40219.1
Project("{FAE04EC0-301F-11D3-BF4B-00C04F79EFBC}") = "ProjetoIntegrador", "ProjetoIntegrador\ProjetoIntegrador.csproj", "{0A029D38-E3C3-4BB3-AA8A-E03AA7EB5733}"
EndProject
Global
	GlobalSection(SolutionConfigurationPlatforms) = preSolution
		Debug|Any CPU = Debug|Any CPU
		Release|Any CPU = Release|Any CPU
	EndGlobalSection
	GlobalSection(ProjectConfigurationPlatforms) = postSolution
		{0A029D38-E3C3-4BB3-AA8A-E03AA7EB5733}.Debug|Any CPU.ActiveCfg = Debug|Any CPU
		{0A029D38-E3C3-4BB3-AA8A-E03AA7EB5733}.Debug|Any CPU.Build.0 = Debug|Any CPU
		{0A029D38-E3C3-4BB3-AA8A-E03AA7EB5733}.Release|Any CPU.ActiveCfg = Release|Any CPU
		{0A029D38-E3C3-4BB3-AA8A-E03AA7EB5733}.Release|Any CPU.Build.0 = Release|Any CPU
	EndGlobalSection
	GlobalSection(SolutionProperties) = preSolution
		HideSolutionNode = FALSE
	EndGlobalSection
	GlobalSection(ExtensibilityGlobals) = postSolution
		SolutionGuid = {9296568B-B5A3-42DE-9DC3-927DB7D05EE1}
	EndGlobalSection
EndGlobal
